
Microsoft Visual Studio Solution File, Format Version 12.00
# Visual Studio Version 16
VisualStudioVersion = 16.0.31729.503
MinimumVisualStudioVersion = 10.0.40219.1
Project("{FAE04EC0-301F-11D3-BF4B-00C04F79EFBC}") = "project-2", "project-2\project-2.csproj", "{DA6E09A8-53D8-44BB-AD12-783F6B78ACF2}"
EndProject
Global
	GlobalSection(SolutionConfigurationPlatforms) = preSolution
		Debug|Any CPU = Debug|Any CPU
		Release|Any CPU = Release|Any CPU
	EndGlobalSection
	GlobalSection(ProjectConfigurationPlatforms) = postSolution
		{DA6E09A8-53D8-44BB-AD12-783F6B78ACF2}.Debug|Any CPU.ActiveCfg = Debug|Any CPU
		{DA6E09A8-53D8-44BB-AD12-783F6B78ACF2}.Debug|Any CPU.Build.0 = Debug|Any CPU
		{DA6E09A8-53D8-44BB-AD12-783F6B78ACF2}.Release|Any CPU.ActiveCfg = Release|Any CPU
		{DA6E09A8-53D8-44BB-AD12-783F6B78ACF2}.Release|Any CPU.Build.0 = Release|Any CPU
	EndGlobalSection
	GlobalSection(SolutionProperties) = preSolution
		HideSolutionNode = FALSE
	EndGlobalSection
	GlobalSection(ExtensibilityGlobals) = postSolution
		SolutionGuid = {9D21379B-9024-48B2-BB7A-0E5FE3856099}
	EndGlobalSection
EndGlobal
